{
  "version": 4,
  "terraform_version": "1.13.3",
  "serial": 320,
  "lineage": "5c3de1f0-db15-52f8-5c99-a14b5af469b2",
  "outputs": {},
  "resources": [
    {
      "module": "module.ACM",
      "mode": "data",
      "type": "aws_route53_zone",
      "name": "primary",
      "provider": "provider[\"registry.terraform.io/hashicorp/aws\"]",
      "instances": [
        {
          "schema_version": 0,
          "attributes": {
            "arn": "arn:aws:route53:::hostedzone/Z09331692XTWCNAOSXR5T",
            "caller_reference": "a9af5e12-f4ae-4c6a-b377-06c8d5a5182e",
            "comment": "",
            "id": "Z09331692XTWCNAOSXR5T",
            "linked_service_description": null,
            "linked_service_principal": null,
            "name": "mubashir.site",
            "name_servers": [
              "ns-1918.awsdns-47.co.uk",
              "ns-368.awsdns-46.com",
              "ns-1372.awsdns-43.org",
              "ns-731.awsdns-27.net"
            ],
            "primary_name_server": "ns-1918.awsdns-47.co.uk",
            "private_zone": false,
            "resource_record_set_count": 2,
            "tags": {},
            "vpc_id": null,
            "zone_id": "Z09331692XTWCNAOSXR5T"
          },
          "sensitive_attributes": [],
          "identity_schema_version": 0
        }
      ]
    },
    {
      "module": "module.ACM",
      "mode": "managed",
      "type": "aws_acm_certificate",
      "name": "app_cert",
      "provider": "provider[\"registry.terraform.io/hashicorp/aws\"]",
      "instances": [
        {
          "schema_version": 0,
          "attributes": {
            "arn": "arn:aws:acm:eu-west-2:038774803581:certificate/30ca53bf-2cb8-4a38-b96b-dbd4ce051b93",
            "certificate_authority_arn": "",
            "certificate_body": null,
            "certificate_chain": null,
            "domain_name": "mubashir.site",
            "domain_validation_options": [
              {
                "domain_name": "mubashir.site",
                "resource_record_name": "_22a14b14bb38e06ff785bdb57a41eeca.mubashir.site.",
                "resource_record_type": "CNAME",
                "resource_record_value": "_bd701b2c0ab22c1d040aef85c07a3c85.jkddzztszm.acm-validations.aws."
              },
              {
                "domain_name": "www.mubashir.site",
                "resource_record_name": "_4ead90a6be710ac336b4cad8c11b8fa9.www.mubashir.site.",
                "resource_record_type": "CNAME",
                "resource_record_value": "_07488601511911d70af88b498b51fd62.jkddzztszm.acm-validations.aws."
              }
            ],
            "early_renewal_duration": "",
            "id": "arn:aws:acm:eu-west-2:038774803581:certificate/30ca53bf-2cb8-4a38-b96b-dbd4ce051b93",
            "key_algorithm": "RSA_2048",
            "not_after": "",
            "not_before": "",
            "options": [
              {
                "certificate_transparency_logging_preference": "ENABLED",
                "export": "DISABLED"
              }
            ],
            "pending_renewal": false,
            "private_key": null,
            "region": "eu-west-2",
            "renewal_eligibility": "INELIGIBLE",
            "renewal_summary": [],
            "status": "PENDING_VALIDATION",
            "subject_alternative_names": [
              "mubashir.site",
              "www.mubashir.site"
            ],
            "tags": {
              "Name": "app-cert"
            },
            "tags_all": {
              "Name": "app-cert"
            },
            "type": "AMAZON_ISSUED",
            "validation_emails": [],
            "validation_method": "DNS",
            "validation_option": []
          },
          "sensitive_attributes": [
            [
              {
                "type": "get_attr",
                "value": "private_key"
              }
            ]
          ],
          "identity_schema_version": 0,
          "identity": {
            "arn": "arn:aws:acm:eu-west-2:038774803581:certificate/30ca53bf-2cb8-4a38-b96b-dbd4ce051b93"
          },
          "private": "bnVsbA=="
        }
      ]
    },
    {
      "module": "module.ACM",
      "mode": "managed",
      "type": "aws_acm_certificate_validation",
      "name": "validation",
      "provider": "provider[\"registry.terraform.io/hashicorp/aws\"]",
      "instances": [
        {
          "schema_version": 0,
          "attributes": {
            "certificate_arn": "arn:aws:acm:eu-west-2:038774803581:certificate/30ca53bf-2cb8-4a38-b96b-dbd4ce051b93",
            "id": "2025-11-19 13:39:05.666 +0000 UTC",
            "region": "eu-west-2",
            "timeouts": {
              "create": "5m"
            },
            "validation_record_fqdns": [
              "_22a14b14bb38e06ff785bdb57a41eeca.mubashir.site",
              "_4ead90a6be710ac336b4cad8c11b8fa9.www.mubashir.site"
            ]
          },
          "sensitive_attributes": [],
          "identity_schema_version": 0,
          "private": "eyJlMmJmYjczMC1lY2FhLTExZTYtOGY4OC0zNDM2M2JjN2M0YzAiOnsiY3JlYXRlIjozMDAwMDAwMDAwMDB9fQ==",
          "dependencies": [
            "module.ACM.aws_acm_certificate.app_cert",
            "module.ACM.aws_route53_record.cert_validation_record",
            "module.ACM.data.aws_route53_zone.primary"
          ]
        }
      ]
    },
    {
      "module": "module.ACM",
      "mode": "managed",
      "type": "aws_route53_record",
      "name": "cert_validation_record",
      "provider": "provider[\"registry.terraform.io/hashicorp/aws\"]",
      "instances": [
        {
          "index_key": "mubashir.site",
          "schema_version": 2,
          "attributes": {
            "alias": [],
            "allow_overwrite": true,
            "cidr_routing_policy": [],
            "failover_routing_policy": [],
            "fqdn": "_22a14b14bb38e06ff785bdb57a41eeca.mubashir.site",
            "geolocation_routing_policy": [],
            "geoproximity_routing_policy": [],
            "health_check_id": "",
            "id": "Z09331692XTWCNAOSXR5T__22a14b14bb38e06ff785bdb57a41eeca.mubashir.site._CNAME",
            "latency_routing_policy": [],
            "multivalue_answer_routing_policy": false,
            "name": "_22a14b14bb38e06ff785bdb57a41eeca.mubashir.site",
            "records": [
              "_bd701b2c0ab22c1d040aef85c07a3c85.jkddzztszm.acm-validations.aws."
            ],
            "set_identifier": "",
            "timeouts": null,
            "ttl": 60,
            "type": "CNAME",
            "weighted_routing_policy": [],
            "zone_id": "Z09331692XTWCNAOSXR5T"
          },
          "sensitive_attributes": [],
          "identity_schema_version": 0,
          "identity": {
            "account_id": "038774803581",
            "name": "_22a14b14bb38e06ff785bdb57a41eeca.mubashir.site.",
            "set_identifier": null,
            "type": "CNAME",
            "zone_id": "Z09331692XTWCNAOSXR5T"
          },
          "private": "eyJlMmJmYjczMC1lY2FhLTExZTYtOGY4OC0zNDM2M2JjN2M0YzAiOnsiY3JlYXRlIjoxODAwMDAwMDAwMDAwLCJkZWxldGUiOjE4MDAwMDAwMDAwMDAsInVwZGF0ZSI6MTgwMDAwMDAwMDAwMH0sInNjaGVtYV92ZXJzaW9uIjoiMiJ9",
          "dependencies": [
            "module.ACM.aws_acm_certificate.app_cert",
            "module.ACM.data.aws_route53_zone.primary"
          ]
        },
        {
          "index_key": "www.mubashir.site",
          "schema_version": 2,
          "attributes": {
            "alias": [],
            "allow_overwrite": true,
            "cidr_routing_policy": [],
            "failover_routing_policy": [],
            "fqdn": "_4ead90a6be710ac336b4cad8c11b8fa9.www.mubashir.site",
            "geolocation_routing_policy": [],
            "geoproximity_routing_policy": [],
            "health_check_id": "",
            "id": "Z09331692XTWCNAOSXR5T__4ead90a6be710ac336b4cad8c11b8fa9.www.mubashir.site._CNAME",
            "latency_routing_policy": [],
            "multivalue_answer_routing_policy": false,
            "name": "_4ead90a6be710ac336b4cad8c11b8fa9.www.mubashir.site",
            "records": [
              "_07488601511911d70af88b498b51fd62.jkddzztszm.acm-validations.aws."
            ],
            "set_identifier": "",
            "timeouts": null,
            "ttl": 60,
            "type": "CNAME",
            "weighted_routing_policy": [],
            "zone_id": "Z09331692XTWCNAOSXR5T"
          },
          "sensitive_attributes": [],
          "identity_schema_version": 0,
          "identity": {
            "account_id": "038774803581",
            "name": "_4ead90a6be710ac336b4cad8c11b8fa9.www.mubashir.site.",
            "set_identifier": null,
            "type": "CNAME",
            "zone_id": "Z09331692XTWCNAOSXR5T"
          },
          "private": "eyJlMmJmYjczMC1lY2FhLTExZTYtOGY4OC0zNDM2M2JjN2M0YzAiOnsiY3JlYXRlIjoxODAwMDAwMDAwMDAwLCJkZWxldGUiOjE4MDAwMDAwMDAwMDAsInVwZGF0ZSI6MTgwMDAwMDAwMDAwMH0sInNjaGVtYV92ZXJzaW9uIjoiMiJ9",
          "dependencies": [
            "module.ACM.aws_acm_certificate.app_cert",
            "module.ACM.data.aws_route53_zone.primary"
          ]
        }
      ]
    },
    {
      "module": "module.ALB",
      "mode": "managed",
      "type": "aws_lb",
      "name": "ALB",
      "provider": "provider[\"registry.terraform.io/hashicorp/aws\"]",
      "instances": [
        {
          "schema_version": 0,
          "attributes": {
            "access_logs": [
              {
                "bucket": "",
                "enabled": false,
                "prefix": ""
              }
            ],
            "arn": "arn:aws:elasticloadbalancing:eu-west-2:038774803581:loadbalancer/app/test-lb-tf/d6a143300fbee168",
            "arn_suffix": "app/test-lb-tf/d6a143300fbee168",
            "client_keep_alive": 3600,
            "connection_logs": [
              {
                "bucket": "",
                "enabled": false,
                "prefix": ""
              }
            ],
            "customer_owned_ipv4_pool": "",
            "desync_mitigation_mode": "defensive",
            "dns_name": "test-lb-tf-565435534.eu-west-2.elb.amazonaws.com",
            "dns_record_client_routing_policy": null,
            "drop_invalid_header_fields": false,
            "enable_cross_zone_load_balancing": true,
            "enable_deletion_protection": false,
            "enable_http2": true,
            "enable_tls_version_and_cipher_suite_headers": false,
            "enable_waf_fail_open": false,
            "enable_xff_client_port": false,
            "enable_zonal_shift": false,
            "enforce_security_group_inbound_rules_on_private_link_traffic": "",
            "id": "arn:aws:elasticloadbalancing:eu-west-2:038774803581:loadbalancer/app/test-lb-tf/d6a143300fbee168",
            "idle_timeout": 60,
            "internal": false,
            "ip_address_type": "ipv4",
            "ipam_pools": [],
            "load_balancer_type": "application",
            "minimum_load_balancer_capacity": [],
            "name": "test-lb-tf",
            "name_prefix": "",
            "preserve_host_header": false,
            "region": "eu-west-2",
            "secondary_ips_auto_assigned_per_subnet": null,
            "security_groups": [
              "sg-04d6c52eab9a635d8"
            ],
            "subnet_mapping": [
              {
                "allocation_id": "",
                "ipv6_address": "",
                "outpost_id": "",
                "private_ipv4_address": "",
                "subnet_id": "subnet-0d2d704741ce8a4ab"
              },
              {
                "allocation_id": "",
                "ipv6_address": "",
                "outpost_id": "",
                "private_ipv4_address": "",
                "subnet_id": "subnet-0f879824c3e0d4846"
              }
            ],
            "subnets": [
              "subnet-0d2d704741ce8a4ab",
              "subnet-0f879824c3e0d4846"
            ],
            "tags": {
              "Environment": "production"
            },
            "tags_all": {
              "Environment": "production"
            },
            "timeouts": null,
            "vpc_id": "vpc-05de970db1a326171",
            "xff_header_processing_mode": "append",
            "zone_id": "ZHURV8PSTC4K8"
          },
          "sensitive_attributes": [],
          "identity_schema_version": 0,
          "identity": {
            "arn": "arn:aws:elasticloadbalancing:eu-west-2:038774803581:loadbalancer/app/test-lb-tf/d6a143300fbee168"
          },
          "private": "eyJlMmJmYjczMC1lY2FhLTExZTYtOGY4OC0zNDM2M2JjN2M0YzAiOnsiY3JlYXRlIjo2MDAwMDAwMDAwMDAsImRlbGV0ZSI6NjAwMDAwMDAwMDAwLCJ1cGRhdGUiOjYwMDAwMDAwMDAwMH19",
          "dependencies": [
            "module.SG.aws_security_group.alb_sg",
            "module.VPC.aws_subnet.Subnet-2a",
            "module.VPC.aws_subnet.Subnet-2b",
            "module.VPC.aws_vpc.Main"
          ]
        }
      ]
    },
    {
      "module": "module.ALB",
      "mode": "managed",
      "type": "aws_lb_listener",
      "name": "http",
      "provider": "provider[\"registry.terraform.io/hashicorp/aws\"]",
      "instances": [
        {
          "schema_version": 0,
          "attributes": {
            "alpn_policy": null,
            "arn": "arn:aws:elasticloadbalancing:eu-west-2:038774803581:listener/app/test-lb-tf/d6a143300fbee168/cf76fc89acbac7c9",
            "certificate_arn": null,
            "default_action": [
              {
                "authenticate_cognito": [],
                "authenticate_oidc": [],
                "fixed_response": [],
                "forward": [],
                "order": 1,
                "redirect": [],
                "target_group_arn": "arn:aws:elasticloadbalancing:eu-west-2:038774803581:targetgroup/ThreatComposer/b827a2bc66391650",
                "type": "forward"
              }
            ],
            "id": "arn:aws:elasticloadbalancing:eu-west-2:038774803581:listener/app/test-lb-tf/d6a143300fbee168/cf76fc89acbac7c9",
            "load_balancer_arn": "arn:aws:elasticloadbalancing:eu-west-2:038774803581:loadbalancer/app/test-lb-tf/d6a143300fbee168",
            "mutual_authentication": [],
            "port": 80,
            "protocol": "HTTP",
            "region": "eu-west-2",
            "routing_http_request_x_amzn_mtls_clientcert_header_name": null,
            "routing_http_request_x_amzn_mtls_clientcert_issuer_header_name": null,
            "routing_http_request_x_amzn_mtls_clientcert_leaf_header_name": null,
            "routing_http_request_x_amzn_mtls_clientcert_serial_number_header_name": null,
            "routing_http_request_x_amzn_mtls_clientcert_subject_header_name": null,
            "routing_http_request_x_amzn_mtls_clientcert_validity_header_name": null,
            "routing_http_request_x_amzn_tls_cipher_suite_header_name": null,
            "routing_http_request_x_amzn_tls_version_header_name": null,
            "routing_http_response_access_control_allow_credentials_header_value": "",
            "routing_http_response_access_control_allow_headers_header_value": "",
            "routing_http_response_access_control_allow_methods_header_value": "",
            "routing_http_response_access_control_allow_origin_header_value": "",
            "routing_http_response_access_control_expose_headers_header_value": "",
            "routing_http_response_access_control_max_age_header_value": "",
            "routing_http_response_content_security_policy_header_value": "",
            "routing_http_response_server_enabled": true,
            "routing_http_response_strict_transport_security_header_value": "",
            "routing_http_response_x_content_type_options_header_value": "",
            "routing_http_response_x_frame_options_header_value": "",
            "ssl_policy": "",
            "tags": null,
            "tags_all": {},
            "tcp_idle_timeout_seconds": null,
            "timeouts": null
          },
          "sensitive_attributes": [],
          "identity_schema_version": 0,
          "identity": {
            "arn": "arn:aws:elasticloadbalancing:eu-west-2:038774803581:listener/app/test-lb-tf/d6a143300fbee168/cf76fc89acbac7c9"
          },
          "private": "eyJlMmJmYjczMC1lY2FhLTExZTYtOGY4OC0zNDM2M2JjN2M0YzAiOnsiY3JlYXRlIjozMDAwMDAwMDAwMDAsInVwZGF0ZSI6MzAwMDAwMDAwMDAwfX0=",
          "dependencies": [
            "module.ALB.aws_lb.ALB",
            "module.ALB.aws_lb_target_group.threatcomposer_tg",
            "module.SG.aws_security_group.alb_sg",
            "module.VPC.aws_subnet.Subnet-2a",
            "module.VPC.aws_subnet.Subnet-2b",
            "module.VPC.aws_vpc.Main"
          ]
        }
      ]
    },
    {
      "module": "module.ALB",
      "mode": "managed",
      "type": "aws_lb_listener",
      "name": "https",
      "provider": "provider[\"registry.terraform.io/hashicorp/aws\"]",
      "instances": [
        {
          "schema_version": 0,
          "attributes": {
            "alpn_policy": null,
            "arn": "arn:aws:elasticloadbalancing:eu-west-2:038774803581:listener/app/test-lb-tf/d6a143300fbee168/de1746cf3d96364e",
            "certificate_arn": "arn:aws:acm:eu-west-2:038774803581:certificate/30ca53bf-2cb8-4a38-b96b-dbd4ce051b93",
            "default_action": [
              {
                "authenticate_cognito": [],
                "authenticate_oidc": [],
                "fixed_response": [],
                "forward": [],
                "order": 1,
                "redirect": [],
                "target_group_arn": "arn:aws:elasticloadbalancing:eu-west-2:038774803581:targetgroup/ThreatComposer/b827a2bc66391650",
                "type": "forward"
              }
            ],
            "id": "arn:aws:elasticloadbalancing:eu-west-2:038774803581:listener/app/test-lb-tf/d6a143300fbee168/de1746cf3d96364e",
            "load_balancer_arn": "arn:aws:elasticloadbalancing:eu-west-2:038774803581:loadbalancer/app/test-lb-tf/d6a143300fbee168",
            "mutual_authentication": [
              {
                "advertise_trust_store_ca_names": "",
                "ignore_client_certificate_expiry": false,
                "mode": "off",
                "trust_store_arn": ""
              }
            ],
            "port": 443,
            "protocol": "HTTPS",
            "region": "eu-west-2",
            "routing_http_request_x_amzn_mtls_clientcert_header_name": "",
            "routing_http_request_x_amzn_mtls_clientcert_issuer_header_name": "",
            "routing_http_request_x_amzn_mtls_clientcert_leaf_header_name": "",
            "routing_http_request_x_amzn_mtls_clientcert_serial_number_header_name": "",
            "routing_http_request_x_amzn_mtls_clientcert_subject_header_name": "",
            "routing_http_request_x_amzn_mtls_clientcert_validity_header_name": "",
            "routing_http_request_x_amzn_tls_cipher_suite_header_name": "",
            "routing_http_request_x_amzn_tls_version_header_name": "",
            "routing_http_response_access_control_allow_credentials_header_value": "",
            "routing_http_response_access_control_allow_headers_header_value": "",
            "routing_http_response_access_control_allow_methods_header_value": "",
            "routing_http_response_access_control_allow_origin_header_value": "",
            "routing_http_response_access_control_expose_headers_header_value": "",
            "routing_http_response_access_control_max_age_header_value": "",
            "routing_http_response_content_security_policy_header_value": "",
            "routing_http_response_server_enabled": true,
            "routing_http_response_strict_transport_security_header_value": "",
            "routing_http_response_x_content_type_options_header_value": "",
            "routing_http_response_x_frame_options_header_value": "",
            "ssl_policy": "ELBSecurityPolicy-TLS13-1-2-Res-2021-06",
            "tags": null,
            "tags_all": {},
            "tcp_idle_timeout_seconds": null,
            "timeouts": null
          },
          "sensitive_attributes": [],
          "identity_schema_version": 0,
          "identity": {
            "arn": "arn:aws:elasticloadbalancing:eu-west-2:038774803581:listener/app/test-lb-tf/d6a143300fbee168/de1746cf3d96364e"
          },
          "private": "eyJlMmJmYjczMC1lY2FhLTExZTYtOGY4OC0zNDM2M2JjN2M0YzAiOnsiY3JlYXRlIjozMDAwMDAwMDAwMDAsInVwZGF0ZSI6MzAwMDAwMDAwMDAwfX0=",
          "dependencies": [
            "module.ACM.aws_acm_certificate.app_cert",
            "module.ALB.aws_lb.ALB",
            "module.ALB.aws_lb_target_group.threatcomposer_tg",
            "module.SG.aws_security_group.alb_sg",
            "module.VPC.aws_subnet.Subnet-2a",
            "module.VPC.aws_subnet.Subnet-2b",
            "module.VPC.aws_vpc.Main"
          ]
        }
      ]
    },
    {
      "module": "module.ALB",
      "mode": "managed",
      "type": "aws_lb_target_group",
      "name": "threatcomposer_tg",
      "provider": "provider[\"registry.terraform.io/hashicorp/aws\"]",
      "instances": [
        {
          "schema_version": 0,
          "attributes": {
            "arn": "arn:aws:elasticloadbalancing:eu-west-2:038774803581:targetgroup/ThreatComposer/b827a2bc66391650",
            "arn_suffix": "targetgroup/ThreatComposer/b827a2bc66391650",
            "connection_termination": null,
            "deregistration_delay": "300",
            "health_check": [
              {
                "enabled": true,
                "healthy_threshold": 2,
                "interval": 30,
                "matcher": "200-399",
                "path": "/",
                "port": "traffic-port",
                "protocol": "HTTP",
                "timeout": 5,
                "unhealthy_threshold": 2
              }
            ],
            "id": "arn:aws:elasticloadbalancing:eu-west-2:038774803581:targetgroup/ThreatComposer/b827a2bc66391650",
            "ip_address_type": "ipv4",
            "lambda_multi_value_headers_enabled": false,
            "load_balancer_arns": [],
            "load_balancing_algorithm_type": "round_robin",
            "load_balancing_anomaly_mitigation": "off",
            "load_balancing_cross_zone_enabled": "use_load_balancer_configuration",
            "name": "ThreatComposer",
            "name_prefix": "",
            "port": 80,
            "preserve_client_ip": null,
            "protocol": "HTTP",
            "protocol_version": "HTTP1",
            "proxy_protocol_v2": false,
            "region": "eu-west-2",
            "slow_start": 0,
            "stickiness": [
              {
                "cookie_duration": 86400,
                "cookie_name": "",
                "enabled": false,
                "type": "lb_cookie"
              }
            ],
            "tags": {
              "Name": "ThreatComposer-TG"
            },
            "tags_all": {
              "Name": "ThreatComposer-TG"
            },
            "target_failover": [
              {
                "on_deregistration": null,
                "on_unhealthy": null
              }
            ],
            "target_group_health": [
              {
                "dns_failover": [
                  {
                    "minimum_healthy_targets_count": "1",
                    "minimum_healthy_targets_percentage": "off"
                  }
                ],
                "unhealthy_state_routing": [
                  {
                    "minimum_healthy_targets_count": 1,
                    "minimum_healthy_targets_percentage": "off"
                  }
                ]
              }
            ],
            "target_health_state": [
              {
                "enable_unhealthy_connection_termination": null,
                "unhealthy_draining_interval": null
              }
            ],
            "target_type": "ip",
            "vpc_id": "vpc-05de970db1a326171"
          },
          "sensitive_attributes": [],
          "identity_schema_version": 0,
          "identity": {
            "arn": "arn:aws:elasticloadbalancing:eu-west-2:038774803581:targetgroup/ThreatComposer/b827a2bc66391650"
          },
          "private": "bnVsbA==",
          "dependencies": [
            "module.VPC.aws_vpc.Main"
          ]
        }
      ]
    },
    {
      "module": "module.ECS",
      "mode": "managed",
      "type": "aws_cloudwatch_log_group",
      "name": "ecs_logs",
      "provider": "provider[\"registry.terraform.io/hashicorp/aws\"]",
      "instances": [
        {
          "schema_version": 0,
          "attributes": {
            "arn": "arn:aws:logs:eu-west-2:038774803581:log-group:/ecs/my-ecs-task",
            "id": "/ecs/my-ecs-task",
            "kms_key_id": "",
            "log_group_class": "STANDARD",
            "name": "/ecs/my-ecs-task",
            "name_prefix": "",
            "region": "eu-west-2",
            "retention_in_days": 7,
            "skip_destroy": false,
            "tags": {
              "Name": "ecs-task-logs"
            },
            "tags_all": {
              "Name": "ecs-task-logs"
            }
          },
          "sensitive_attributes": [],
          "identity_schema_version": 0,
          "identity": {
            "account_id": "038774803581",
            "name": "/ecs/my-ecs-task",
            "region": "eu-west-2"
          },
          "private": "bnVsbA=="
        }
      ]
    },
    {
      "module": "module.ECS",
      "mode": "managed",
      "type": "aws_ecs_cluster",
      "name": "main",
      "provider": "provider[\"registry.terraform.io/hashicorp/aws\"]",
      "instances": [
        {
          "schema_version": 0,
          "attributes": {
            "arn": "arn:aws:ecs:eu-west-2:038774803581:cluster/my-ecs-cluster",
            "configuration": [],
            "id": "arn:aws:ecs:eu-west-2:038774803581:cluster/my-ecs-cluster",
            "name": "my-ecs-cluster",
            "region": "eu-west-2",
            "service_connect_defaults": [],
            "setting": [
              {
                "name": "containerInsights",
                "value": "disabled"
              }
            ],
            "tags": null,
            "tags_all": {}
          },
          "sensitive_attributes": [],
          "identity_schema_version": 0,
          "private": "bnVsbA=="
        }
      ]
    },
    {
      "module": "module.ECS",
      "mode": "managed",
      "type": "aws_ecs_service",
      "name": "app_service",
      "provider": "provider[\"registry.terraform.io/hashicorp/aws\"]",
      "instances": [
        {
          "schema_version": 1,
          "attributes": {
            "alarms": [],
            "arn": "arn:aws:ecs:eu-west-2:038774803581:service/my-ecs-cluster/my-fargate-service",
            "availability_zone_rebalancing": "ENABLED",
            "capacity_provider_strategy": [],
            "cluster": "arn:aws:ecs:eu-west-2:038774803581:cluster/my-ecs-cluster",
            "deployment_circuit_breaker": [
              {
                "enable": false,
                "rollback": false
              }
            ],
            "deployment_configuration": [
              {
                "bake_time_in_minutes": "0",
                "lifecycle_hook": [],
                "strategy": "ROLLING"
              }
            ],
            "deployment_controller": [
              {
                "type": "ECS"
              }
            ],
            "deployment_maximum_percent": 200,
            "deployment_minimum_healthy_percent": 100,
            "desired_count": 2,
            "enable_ecs_managed_tags": false,
            "enable_execute_command": false,
            "force_delete": null,
            "force_new_deployment": null,
            "health_check_grace_period_seconds": 0,
            "iam_role": "/aws-service-role/ecs.amazonaws.com/AWSServiceRoleForECS",
            "id": "arn:aws:ecs:eu-west-2:038774803581:service/my-ecs-cluster/my-fargate-service",
            "launch_type": "FARGATE",
            "load_balancer": [
              {
                "advanced_configuration": [],
                "container_name": "threat-composer-app",
                "container_port": 80,
                "elb_name": "",
                "target_group_arn": "arn:aws:elasticloadbalancing:eu-west-2:038774803581:targetgroup/ThreatComposer/b827a2bc66391650"
              }
            ],
            "name": "my-fargate-service",
            "network_configuration": [
              {
                "assign_public_ip": true,
                "security_groups": [
                  "sg-07769b4fcfb6315c6"
                ],
                "subnets": [
                  "subnet-0d2d704741ce8a4ab",
                  "subnet-0f879824c3e0d4846"
                ]
              }
            ],
            "ordered_placement_strategy": [],
            "placement_constraints": [],
            "platform_version": "LATEST",
            "propagate_tags": "NONE",
            "region": "eu-west-2",
            "scheduling_strategy": "REPLICA",
            "service_connect_configuration": [],
            "service_registries": [],
            "sigint_rollback": null,
            "tags": null,
            "tags_all": {},
            "task_definition": "arn:aws:ecs:eu-west-2:038774803581:task-definition/my-ecs-task:5",
            "timeouts": null,
            "triggers": {},
            "volume_configuration": [],
            "vpc_lattice_configurations": [],
            "wait_for_steady_state": false
          },
          "sensitive_attributes": [],
          "identity_schema_version": 0,
          "private": "eyJlMmJmYjczMC1lY2FhLTExZTYtOGY4OC0zNDM2M2JjN2M0YzAiOnsiY3JlYXRlIjoxMjAwMDAwMDAwMDAwLCJkZWxldGUiOjEyMDAwMDAwMDAwMDAsInVwZGF0ZSI6MTIwMDAwMDAwMDAwMH0sInNjaGVtYV92ZXJzaW9uIjoiMSJ9",
          "dependencies": [
            "module.ALB.aws_lb_target_group.threatcomposer_tg",
            "module.ECS.aws_cloudwatch_log_group.ecs_logs",
            "module.ECS.aws_ecs_cluster.main",
            "module.ECS.aws_ecs_task_definition.task",
            "module.IAM.aws_iam_role.ecs_task_execution_role",
            "module.SG.aws_security_group.alb_sg",
            "module.SG.aws_security_group.ecs_sg",
            "module.VPC.aws_subnet.Subnet-2a",
            "module.VPC.aws_subnet.Subnet-2b",
            "module.VPC.aws_vpc.Main"
          ]
        }
      ]
    },
    {
      "module": "module.ECS",
      "mode": "managed",
      "type": "aws_ecs_task_definition",
      "name": "task",
      "provider": "provider[\"registry.terraform.io/hashicorp/aws\"]",
      "instances": [
        {
          "schema_version": 1,
          "attributes": {
            "arn": "arn:aws:ecs:eu-west-2:038774803581:task-definition/my-ecs-task:5",
            "arn_without_revision": "arn:aws:ecs:eu-west-2:038774803581:task-definition/my-ecs-task",
            "container_definitions": "[{\"environment\":[],\"essential\":true,\"image\":\"038774803581.dkr.ecr.eu-west-2.amazonaws.com/threat-composer-app:latest\",\"logConfiguration\":{\"logDriver\":\"awslogs\",\"options\":{\"awslogs-region\":\"eu-west-2\",\"awslogs-stream-prefix\":\"ecs\",\"awslogs-group\":\"/ecs/my-ecs-task\"}},\"mountPoints\":[],\"name\":\"threat-composer-app\",\"portMappings\":[{\"containerPort\":80,\"hostPort\":80,\"protocol\":\"tcp\"}],\"systemControls\":[],\"volumesFrom\":[]}]",
            "cpu": "256",
            "enable_fault_injection": false,
            "ephemeral_storage": [],
            "execution_role_arn": "arn:aws:iam::038774803581:role/ecsTaskExecutionRole",
            "family": "my-ecs-task",
            "id": "my-ecs-task",
            "ipc_mode": "",
            "memory": "512",
            "network_mode": "awsvpc",
            "pid_mode": "",
            "placement_constraints": [],
            "proxy_configuration": [],
            "region": "eu-west-2",
            "requires_compatibilities": [
              "FARGATE"
            ],
            "revision": 5,
            "runtime_platform": [
              {
                "cpu_architecture": "X86_64",
                "operating_system_family": "LINUX"
              }
            ],
            "skip_destroy": false,
            "tags": null,
            "tags_all": {},
            "task_role_arn": "",
            "track_latest": false,
            "volume": []
          },
          "sensitive_attributes": [],
          "identity_schema_version": 0,
          "private": "eyJzY2hlbWFfdmVyc2lvbiI6IjEifQ==",
          "dependencies": [
            "module.ECS.aws_cloudwatch_log_group.ecs_logs",
            "module.IAM.aws_iam_role.ecs_task_execution_role"
          ]
        }
      ]
    },
    {
      "module": "module.IAM",
      "mode": "managed",
      "type": "aws_iam_role",
      "name": "ecs_task_execution_role",
      "provider": "provider[\"registry.terraform.io/hashicorp/aws\"]",
      "instances": [
        {
          "schema_version": 0,
          "attributes": {
            "arn": "arn:aws:iam::038774803581:role/ecsTaskExecutionRole",
            "assume_role_policy": "{\"Statement\":[{\"Action\":\"sts:AssumeRole\",\"Effect\":\"Allow\",\"Principal\":{\"Service\":\"ecs-tasks.amazonaws.com\"}}],\"Version\":\"2012-10-17\"}",
            "create_date": "2025-11-19T13:38:47Z",
            "description": "",
            "force_detach_policies": false,
            "id": "ecsTaskExecutionRole",
            "inline_policy": [],
            "managed_policy_arns": [],
            "max_session_duration": 3600,
            "name": "ecsTaskExecutionRole",
            "name_prefix": "",
            "path": "/",
            "permissions_boundary": "",
            "tags": null,
            "tags_all": {},
            "unique_id": "AROAQSBZIRR666F7VPF7S"
          },
          "sensitive_attributes": [],
          "identity_schema_version": 0,
          "identity": {
            "account_id": "038774803581",
            "name": "ecsTaskExecutionRole"
          },
          "private": "bnVsbA=="
        }
      ]
    },
    {
      "module": "module.IAM",
      "mode": "managed",
      "type": "aws_iam_role",
      "name": "ecs_task_role",
      "provider": "provider[\"registry.terraform.io/hashicorp/aws\"]",
      "instances": [
        {
          "schema_version": 0,
          "attributes": {
            "arn": "arn:aws:iam::038774803581:role/ecsTaskRole",
            "assume_role_policy": "{\"Statement\":[{\"Action\":\"sts:AssumeRole\",\"Effect\":\"Allow\",\"Principal\":{\"Service\":\"ecs-tasks.amazonaws.com\"}}],\"Version\":\"2012-10-17\"}",
            "create_date": "2025-11-19T13:38:47Z",
            "description": "",
            "force_detach_policies": false,
            "id": "ecsTaskRole",
            "inline_policy": [],
            "managed_policy_arns": [],
            "max_session_duration": 3600,
            "name": "ecsTaskRole",
            "name_prefix": "",
            "path": "/",
            "permissions_boundary": "",
            "tags": null,
            "tags_all": {},
            "unique_id": "AROAQSBZIRR62CR6GCEDH"
          },
          "sensitive_attributes": [],
          "identity_schema_version": 0,
          "identity": {
            "account_id": "038774803581",
            "name": "ecsTaskRole"
          },
          "private": "bnVsbA=="
        }
      ]
    },
    {
      "module": "module.IAM",
      "mode": "managed",
      "type": "aws_iam_role",
      "name": "github_actions",
      "provider": "provider[\"registry.terraform.io/hashicorp/aws\"]",
      "instances": [
        {
          "schema_version": 0,
          "attributes": {
            "arn": "arn:aws:iam::038774803581:role/github-actions-role",
            "assume_role_policy": "{\"Statement\":[{\"Action\":\"sts:AssumeRoleWithWebIdentity\",\"Condition\":{\"StringLike\":{\"token.actions.githubusercontent.com:sub\":\"repo:MubashirHusain2005/Threat-Composer-App:*\"}},\"Effect\":\"Allow\",\"Principal\":{\"Federated\":\"arn:aws:iam::038774803581:oidc-provider/token.actions.githubusercontent.com\"}}],\"Version\":\"2012-10-17\"}",
            "create_date": "2025-11-19T13:38:47Z",
            "description": "",
            "force_detach_policies": false,
            "id": "github-actions-role",
            "inline_policy": [],
            "managed_policy_arns": [],
            "max_session_duration": 3600,
            "name": "github-actions-role",
            "name_prefix": "",
            "path": "/",
            "permissions_boundary": "",
            "tags": null,
            "tags_all": {},
            "unique_id": "AROAQSBZIRR6247OCEDOQ"
          },
          "sensitive_attributes": [],
          "identity_schema_version": 0,
          "identity": {
            "account_id": "038774803581",
            "name": "github-actions-role"
          },
          "private": "bnVsbA=="
        }
      ]
    },
    {
      "module": "module.IAM",
      "mode": "managed",
      "type": "aws_iam_role_policy",
      "name": "github_actions_ecr_permissions",
      "provider": "provider[\"registry.terraform.io/hashicorp/aws\"]",
      "instances": [
        {
          "schema_version": 0,
          "attributes": {
            "id": "github-actions-role:terraform-20251119133846376200000002",
            "name": "terraform-20251119133846376200000002",
            "name_prefix": "terraform-",
            "policy": "{\"Version\":\"2012-10-17\",\"Statement\":[{\"Action\":[\"ecr:GetAuthorizationToken\",\"ecr:BatchCheckLayerAvailability\",\"ecr:BatchGetImage\",\"ecr:CompleteLayerUpload\",\"ecr:InitiateLayerUpload\",\"ecr:PutImage\",\"ecr:UploadLayerPart\",\"ecr:GetDownloadUrlForLayer\",\"logs:CreateLogStream\",\"logs:PutLogEvents\"],\"Effect\":\"Allow\",\"Resource\":\"*\"}]}",
            "role": "github-actions-role"
          },
          "sensitive_attributes": [],
          "identity_schema_version": 0,
          "identity": {
            "account_id": "038774803581",
            "name": "terraform-20251119133846376200000002",
            "role": "github-actions-role"
          },
          "private": "bnVsbA==",
          "dependencies": [
            "module.IAM.aws_iam_role.github_actions"
          ]
        }
      ]
    },
    {
      "module": "module.IAM",
      "mode": "managed",
      "type": "aws_iam_role_policy_attachment",
      "name": "ecs_task_execution_role_policy",
      "provider": "provider[\"registry.terraform.io/hashicorp/aws\"]",
      "instances": [
        {
          "schema_version": 0,
          "attributes": {
            "id": "ecsTaskExecutionRole/arn:aws:iam::aws:policy/service-role/AmazonECSTaskExecutionRolePolicy",
            "policy_arn": "arn:aws:iam::aws:policy/service-role/AmazonECSTaskExecutionRolePolicy",
            "role": "ecsTaskExecutionRole"
          },
          "sensitive_attributes": [],
          "identity_schema_version": 0,
          "identity": {
            "account_id": "038774803581",
            "policy_arn": "arn:aws:iam::aws:policy/service-role/AmazonECSTaskExecutionRolePolicy",
            "role": "ecsTaskExecutionRole"
          },
          "private": "bnVsbA==",
          "dependencies": [
            "module.IAM.aws_iam_role.ecs_task_execution_role"
          ]
        }
      ]
    },
    {
      "module": "module.IAM",
      "mode": "managed",
      "type": "aws_iam_role_policy_attachment",
      "name": "ecs_task_role_ssm_readonly",
      "provider": "provider[\"registry.terraform.io/hashicorp/aws\"]",
      "instances": [
        {
          "schema_version": 0,
          "attributes": {
            "id": "ecsTaskRole/arn:aws:iam::aws:policy/AmazonSSMReadOnlyAccess",
            "policy_arn": "arn:aws:iam::aws:policy/AmazonSSMReadOnlyAccess",
            "role": "ecsTaskRole"
          },
          "sensitive_attributes": [],
          "identity_schema_version": 0,
          "identity": {
            "account_id": "038774803581",
            "policy_arn": "arn:aws:iam::aws:policy/AmazonSSMReadOnlyAccess",
            "role": "ecsTaskRole"
          },
          "private": "bnVsbA==",
          "dependencies": [
            "module.IAM.aws_iam_role.ecs_task_role"
          ]
        }
      ]
    },
    {
      "module": "module.Route53",
      "mode": "data",
      "type": "aws_route53_zone",
      "name": "primary",
      "provider": "provider[\"registry.terraform.io/hashicorp/aws\"]",
      "instances": [
        {
          "schema_version": 0,
          "attributes": {
            "arn": "arn:aws:route53:::hostedzone/Z09331692XTWCNAOSXR5T",
            "caller_reference": "a9af5e12-f4ae-4c6a-b377-06c8d5a5182e",
            "comment": "",
            "id": "Z09331692XTWCNAOSXR5T",
            "linked_service_description": null,
            "linked_service_principal": null,
            "name": "mubashir.site",
            "name_servers": [
              "ns-1918.awsdns-47.co.uk",
              "ns-368.awsdns-46.com",
              "ns-1372.awsdns-43.org",
              "ns-731.awsdns-27.net"
            ],
            "primary_name_server": "ns-1918.awsdns-47.co.uk",
            "private_zone": false,
            "resource_record_set_count": 2,
            "tags": {},
            "vpc_id": null,
            "zone_id": "Z09331692XTWCNAOSXR5T"
          },
          "sensitive_attributes": [],
          "identity_schema_version": 0
        }
      ]
    },
    {
      "module": "module.Route53",
      "mode": "managed",
      "type": "aws_route53_record",
      "name": "MS",
      "provider": "provider[\"registry.terraform.io/hashicorp/aws\"]",
      "instances": [
        {
          "schema_version": 2,
          "attributes": {
            "alias": [
              {
                "evaluate_target_health": true,
                "name": "test-lb-tf-565435534.eu-west-2.elb.amazonaws.com",
                "zone_id": "ZHURV8PSTC4K8"
              }
            ],
            "allow_overwrite": null,
            "cidr_routing_policy": [],
            "failover_routing_policy": [],
            "fqdn": "www.mubashir.site",
            "geolocation_routing_policy": [],
            "geoproximity_routing_policy": [],
            "health_check_id": "",
            "id": "Z09331692XTWCNAOSXR5T_www.mubashir.site_A",
            "latency_routing_policy": [],
            "multivalue_answer_routing_policy": false,
            "name": "www.mubashir.site",
            "records": null,
            "set_identifier": "",
            "timeouts": null,
            "ttl": 0,
            "type": "A",
            "weighted_routing_policy": [],
            "zone_id": "Z09331692XTWCNAOSXR5T"
          },
          "sensitive_attributes": [],
          "identity_schema_version": 0,
          "identity": {
            "account_id": "038774803581",
            "name": "www.mubashir.site",
            "set_identifier": null,
            "type": "A",
            "zone_id": "Z09331692XTWCNAOSXR5T"
          },
          "private": "eyJlMmJmYjczMC1lY2FhLTExZTYtOGY4OC0zNDM2M2JjN2M0YzAiOnsiY3JlYXRlIjoxODAwMDAwMDAwMDAwLCJkZWxldGUiOjE4MDAwMDAwMDAwMDAsInVwZGF0ZSI6MTgwMDAwMDAwMDAwMH0sInNjaGVtYV92ZXJzaW9uIjoiMiJ9",
          "dependencies": [
            "module.ALB.aws_lb.ALB",
            "module.Route53.data.aws_route53_zone.primary",
            "module.SG.aws_security_group.alb_sg",
            "module.VPC.aws_subnet.Subnet-2a",
            "module.VPC.aws_subnet.Subnet-2b",
            "module.VPC.aws_vpc.Main"
          ]
        }
      ]
    },
    {
      "module": "module.SG",
      "mode": "managed",
      "type": "aws_security_group",
      "name": "alb_sg",
      "provider": "provider[\"registry.terraform.io/hashicorp/aws\"]",
      "instances": [
        {
          "schema_version": 1,
          "attributes": {
            "arn": "arn:aws:ec2:eu-west-2:038774803581:security-group/sg-04d6c52eab9a635d8",
            "description": "Allow HTTP and HTTPS inbound traffic",
            "egress": [
              {
                "cidr_blocks": [
                  "0.0.0.0/0"
                ],
                "description": "",
                "from_port": 0,
                "ipv6_cidr_blocks": [],
                "prefix_list_ids": [],
                "protocol": "-1",
                "security_groups": [],
                "self": false,
                "to_port": 0
              }
            ],
            "id": "sg-04d6c52eab9a635d8",
            "ingress": [
              {
                "cidr_blocks": [
                  "0.0.0.0/0"
                ],
                "description": "Allow HTTP",
                "from_port": 80,
                "ipv6_cidr_blocks": [],
                "prefix_list_ids": [],
                "protocol": "tcp",
                "security_groups": [],
                "self": false,
                "to_port": 80
              },
              {
                "cidr_blocks": [
                  "0.0.0.0/0"
                ],
                "description": "Allow HTTPS",
                "from_port": 443,
                "ipv6_cidr_blocks": [],
                "prefix_list_ids": [],
                "protocol": "tcp",
                "security_groups": [],
                "self": false,
                "to_port": 443
              }
            ],
            "name": "alb-sg",
            "name_prefix": "",
            "owner_id": "038774803581",
            "region": "eu-west-2",
            "revoke_rules_on_delete": false,
            "tags": null,
            "tags_all": {},
            "timeouts": null,
            "vpc_id": "vpc-05de970db1a326171"
          },
          "sensitive_attributes": [],
          "identity_schema_version": 0,
          "identity": {
            "account_id": "038774803581",
            "id": "sg-04d6c52eab9a635d8",
            "region": "eu-west-2"
          },
          "private": "eyJlMmJmYjczMC1lY2FhLTExZTYtOGY4OC0zNDM2M2JjN2M0YzAiOnsiY3JlYXRlIjo2MDAwMDAwMDAwMDAsImRlbGV0ZSI6OTAwMDAwMDAwMDAwfSwic2NoZW1hX3ZlcnNpb24iOiIxIn0=",
          "dependencies": [
            "module.VPC.aws_vpc.Main"
          ]
        }
      ]
    },
    {
      "module": "module.SG",
      "mode": "managed",
      "type": "aws_security_group",
      "name": "ecs_sg",
      "provider": "provider[\"registry.terraform.io/hashicorp/aws\"]",
      "instances": [
        {
          "schema_version": 1,
          "attributes": {
            "arn": "arn:aws:ec2:eu-west-2:038774803581:security-group/sg-07769b4fcfb6315c6",
            "description": "Allow inbound traffic from ALB only",
            "egress": [
              {
                "cidr_blocks": [
                  "0.0.0.0/0"
                ],
                "description": "",
                "from_port": 0,
                "ipv6_cidr_blocks": [],
                "prefix_list_ids": [],
                "protocol": "-1",
                "security_groups": [],
                "self": false,
                "to_port": 0
              }
            ],
            "id": "sg-07769b4fcfb6315c6",
            "ingress": [
              {
                "cidr_blocks": [],
                "description": "Allow HTTP traffic",
                "from_port": 80,
                "ipv6_cidr_blocks": [],
                "prefix_list_ids": [],
                "protocol": "tcp",
                "security_groups": [
                  "sg-04d6c52eab9a635d8"
                ],
                "self": false,
                "to_port": 80
              }
            ],
            "name": "ECS-alb-sg",
            "name_prefix": "",
            "owner_id": "038774803581",
            "region": "eu-west-2",
            "revoke_rules_on_delete": false,
            "tags": null,
            "tags_all": {},
            "timeouts": null,
            "vpc_id": "vpc-05de970db1a326171"
          },
          "sensitive_attributes": [],
          "identity_schema_version": 0,
          "identity": {
            "account_id": "038774803581",
            "id": "sg-07769b4fcfb6315c6",
            "region": "eu-west-2"
          },
          "private": "eyJlMmJmYjczMC1lY2FhLTExZTYtOGY4OC0zNDM2M2JjN2M0YzAiOnsiY3JlYXRlIjo2MDAwMDAwMDAwMDAsImRlbGV0ZSI6OTAwMDAwMDAwMDAwfSwic2NoZW1hX3ZlcnNpb24iOiIxIn0=",
          "dependencies": [
            "module.SG.aws_security_group.alb_sg",
            "module.VPC.aws_vpc.Main"
          ]
        }
      ]
    },
    {
      "module": "module.VPC",
      "mode": "managed",
      "type": "aws_internet_gateway",
      "name": "IGW",
      "provider": "provider[\"registry.terraform.io/hashicorp/aws\"]",
      "instances": [
        {
          "schema_version": 0,
          "attributes": {
            "arn": "arn:aws:ec2:eu-west-2:038774803581:internet-gateway/igw-085fc08e01bf634b7",
            "id": "igw-085fc08e01bf634b7",
            "owner_id": "038774803581",
            "region": "eu-west-2",
            "tags": {
              "Name": "Main-IGW"
            },
            "tags_all": {
              "Name": "Main-IGW"
            },
            "timeouts": null,
            "vpc_id": "vpc-05de970db1a326171"
          },
          "sensitive_attributes": [],
          "identity_schema_version": 0,
          "private": "eyJlMmJmYjczMC1lY2FhLTExZTYtOGY4OC0zNDM2M2JjN2M0YzAiOnsiY3JlYXRlIjoxMjAwMDAwMDAwMDAwLCJkZWxldGUiOjEyMDAwMDAwMDAwMDAsInVwZGF0ZSI6MTIwMDAwMDAwMDAwMH19",
          "dependencies": [
            "module.VPC.aws_vpc.Main"
          ]
        }
      ]
    },
    {
      "module": "module.VPC",
      "mode": "managed",
      "type": "aws_route_table",
      "name": "Public-RT",
      "provider": "provider[\"registry.terraform.io/hashicorp/aws\"]",
      "instances": [
        {
          "schema_version": 0,
          "attributes": {
            "arn": "arn:aws:ec2:eu-west-2:038774803581:route-table/rtb-01a9c4e5f61c06245",
            "id": "rtb-01a9c4e5f61c06245",
            "owner_id": "038774803581",
            "propagating_vgws": [],
            "region": "eu-west-2",
            "route": [
              {
                "carrier_gateway_id": "",
                "cidr_block": "0.0.0.0/0",
                "core_network_arn": "",
                "destination_prefix_list_id": "",
                "egress_only_gateway_id": "",
                "gateway_id": "igw-085fc08e01bf634b7",
                "ipv6_cidr_block": "",
                "local_gateway_id": "",
                "nat_gateway_id": "",
                "network_interface_id": "",
                "transit_gateway_id": "",
                "vpc_endpoint_id": "",
                "vpc_peering_connection_id": ""
              }
            ],
            "tags": {
              "Name": "Route Table"
            },
            "tags_all": {
              "Name": "Route Table"
            },
            "timeouts": null,
            "vpc_id": "vpc-05de970db1a326171"
          },
          "sensitive_attributes": [],
          "identity_schema_version": 0,
          "identity": {
            "account_id": "038774803581",
            "id": "rtb-01a9c4e5f61c06245",
            "region": "eu-west-2"
          },
          "private": "eyJlMmJmYjczMC1lY2FhLTExZTYtOGY4OC0zNDM2M2JjN2M0YzAiOnsiY3JlYXRlIjozMDAwMDAwMDAwMDAsImRlbGV0ZSI6MzAwMDAwMDAwMDAwLCJ1cGRhdGUiOjEyMDAwMDAwMDAwMH19",
          "dependencies": [
            "module.VPC.aws_internet_gateway.IGW",
            "module.VPC.aws_vpc.Main"
          ]
        }
      ]
    },
    {
      "module": "module.VPC",
      "mode": "managed",
      "type": "aws_route_table_association",
      "name": "public-subnet-2a",
      "provider": "provider[\"registry.terraform.io/hashicorp/aws\"]",
      "instances": [
        {
          "schema_version": 0,
          "attributes": {
            "gateway_id": "",
            "id": "rtbassoc-010cb127243c35f3b",
            "region": "eu-west-2",
            "route_table_id": "rtb-01a9c4e5f61c06245",
            "subnet_id": "subnet-0d2d704741ce8a4ab",
            "timeouts": null
          },
          "sensitive_attributes": [],
          "identity_schema_version": 0,
          "private": "eyJlMmJmYjczMC1lY2FhLTExZTYtOGY4OC0zNDM2M2JjN2M0YzAiOnsiY3JlYXRlIjozMDAwMDAwMDAwMDAsImRlbGV0ZSI6MzAwMDAwMDAwMDAwLCJ1cGRhdGUiOjEyMDAwMDAwMDAwMH19",
          "dependencies": [
            "module.VPC.aws_internet_gateway.IGW",
            "module.VPC.aws_route_table.Public-RT",
            "module.VPC.aws_subnet.Subnet-2a",
            "module.VPC.aws_vpc.Main"
          ]
        }
      ]
    },
    {
      "module": "module.VPC",
      "mode": "managed",
      "type": "aws_route_table_association",
      "name": "public-subnet-2b",
      "provider": "provider[\"registry.terraform.io/hashicorp/aws\"]",
      "instances": [
        {
          "schema_version": 0,
          "attributes": {
            "gateway_id": "",
            "id": "rtbassoc-01fe6400d83569173",
            "region": "eu-west-2",
            "route_table_id": "rtb-01a9c4e5f61c06245",
            "subnet_id": "subnet-0f879824c3e0d4846",
            "timeouts": null
          },
          "sensitive_attributes": [],
          "identity_schema_version": 0,
          "private": "eyJlMmJmYjczMC1lY2FhLTExZTYtOGY4OC0zNDM2M2JjN2M0YzAiOnsiY3JlYXRlIjozMDAwMDAwMDAwMDAsImRlbGV0ZSI6MzAwMDAwMDAwMDAwLCJ1cGRhdGUiOjEyMDAwMDAwMDAwMH19",
          "dependencies": [
            "module.VPC.aws_internet_gateway.IGW",
            "module.VPC.aws_route_table.Public-RT",
            "module.VPC.aws_subnet.Subnet-2b",
            "module.VPC.aws_vpc.Main"
          ]
        }
      ]
    },
    {
      "module": "module.VPC",
      "mode": "managed",
      "type": "aws_subnet",
      "name": "Subnet-2a",
      "provider": "provider[\"registry.terraform.io/hashicorp/aws\"]",
      "instances": [
        {
          "schema_version": 1,
          "attributes": {
            "arn": "arn:aws:ec2:eu-west-2:038774803581:subnet/subnet-0d2d704741ce8a4ab",
            "assign_ipv6_address_on_creation": false,
            "availability_zone": "eu-west-2a",
            "availability_zone_id": "euw2-az2",
            "cidr_block": "10.0.1.0/24",
            "customer_owned_ipv4_pool": "",
            "enable_dns64": false,
            "enable_lni_at_device_index": 0,
            "enable_resource_name_dns_a_record_on_launch": false,
            "enable_resource_name_dns_aaaa_record_on_launch": false,
            "id": "subnet-0d2d704741ce8a4ab",
            "ipv6_cidr_block": "",
            "ipv6_cidr_block_association_id": "",
            "ipv6_native": false,
            "map_customer_owned_ip_on_launch": false,
            "map_public_ip_on_launch": true,
            "outpost_arn": "",
            "owner_id": "038774803581",
            "private_dns_hostname_type_on_launch": "ip-name",
            "region": "eu-west-2",
            "tags": {
              "Name": "Subnet-2a"
            },
            "tags_all": {
              "Name": "Subnet-2a"
            },
            "timeouts": null,
            "vpc_id": "vpc-05de970db1a326171"
          },
          "sensitive_attributes": [],
          "identity_schema_version": 0,
          "identity": {
            "account_id": "038774803581",
            "id": "subnet-0d2d704741ce8a4ab",
            "region": "eu-west-2"
          },
          "private": "eyJlMmJmYjczMC1lY2FhLTExZTYtOGY4OC0zNDM2M2JjN2M0YzAiOnsiY3JlYXRlIjo2MDAwMDAwMDAwMDAsImRlbGV0ZSI6MTIwMDAwMDAwMDAwMH0sInNjaGVtYV92ZXJzaW9uIjoiMSJ9",
          "dependencies": [
            "module.VPC.aws_vpc.Main"
          ]
        }
      ]
    },
    {
      "module": "module.VPC",
      "mode": "managed",
      "type": "aws_subnet",
      "name": "Subnet-2b",
      "provider": "provider[\"registry.terraform.io/hashicorp/aws\"]",
      "instances": [
        {
          "schema_version": 1,
          "attributes": {
            "arn": "arn:aws:ec2:eu-west-2:038774803581:subnet/subnet-0f879824c3e0d4846",
            "assign_ipv6_address_on_creation": false,
            "availability_zone": "eu-west-2b",
            "availability_zone_id": "euw2-az3",
            "cidr_block": "10.0.2.0/24",
            "customer_owned_ipv4_pool": "",
            "enable_dns64": false,
            "enable_lni_at_device_index": 0,
            "enable_resource_name_dns_a_record_on_launch": false,
            "enable_resource_name_dns_aaaa_record_on_launch": false,
            "id": "subnet-0f879824c3e0d4846",
            "ipv6_cidr_block": "",
            "ipv6_cidr_block_association_id": "",
            "ipv6_native": false,
            "map_customer_owned_ip_on_launch": false,
            "map_public_ip_on_launch": true,
            "outpost_arn": "",
            "owner_id": "038774803581",
            "private_dns_hostname_type_on_launch": "ip-name",
            "region": "eu-west-2",
            "tags": {
              "Name": "Subnet-2b"
            },
            "tags_all": {
              "Name": "Subnet-2b"
            },
            "timeouts": null,
            "vpc_id": "vpc-05de970db1a326171"
          },
          "sensitive_attributes": [],
          "identity_schema_version": 0,
          "identity": {
            "account_id": "038774803581",
            "id": "subnet-0f879824c3e0d4846",
            "region": "eu-west-2"
          },
          "private": "eyJlMmJmYjczMC1lY2FhLTExZTYtOGY4OC0zNDM2M2JjN2M0YzAiOnsiY3JlYXRlIjo2MDAwMDAwMDAwMDAsImRlbGV0ZSI6MTIwMDAwMDAwMDAwMH0sInNjaGVtYV92ZXJzaW9uIjoiMSJ9",
          "dependencies": [
            "module.VPC.aws_vpc.Main"
          ]
        }
      ]
    },
    {
      "module": "module.VPC",
      "mode": "managed",
      "type": "aws_vpc",
      "name": "Main",
      "provider": "provider[\"registry.terraform.io/hashicorp/aws\"]",
      "instances": [
        {
          "schema_version": 1,
          "attributes": {
            "arn": "arn:aws:ec2:eu-west-2:038774803581:vpc/vpc-05de970db1a326171",
            "assign_generated_ipv6_cidr_block": false,
            "cidr_block": "10.0.0.0/16",
            "default_network_acl_id": "acl-0d3876a742e343f0f",
            "default_route_table_id": "rtb-06b1a694369f32789",
            "default_security_group_id": "sg-049a1175fc8f51b05",
            "dhcp_options_id": "dopt-06da1b4ac7019d8bf",
            "enable_dns_hostnames": false,
            "enable_dns_support": true,
            "enable_network_address_usage_metrics": false,
            "id": "vpc-05de970db1a326171",
            "instance_tenancy": "default",
            "ipv4_ipam_pool_id": null,
            "ipv4_netmask_length": null,
            "ipv6_association_id": "",
            "ipv6_cidr_block": "",
            "ipv6_cidr_block_network_border_group": "",
            "ipv6_ipam_pool_id": "",
            "ipv6_netmask_length": 0,
            "main_route_table_id": "rtb-06b1a694369f32789",
            "owner_id": "038774803581",
            "region": "eu-west-2",
            "tags": {
              "Name": "main"
            },
            "tags_all": {
              "Name": "main"
            }
          },
          "sensitive_attributes": [],
          "identity_schema_version": 0,
          "identity": {
            "account_id": "038774803581",
            "id": "vpc-05de970db1a326171",
            "region": "eu-west-2"
          },
          "private": "eyJzY2hlbWFfdmVyc2lvbiI6IjEifQ=="
        }
      ]
    }
  ],
  "check_results": null
}
